
Microsoft Visual Studio Solution File, Format Version 12.00
# Visual Studio 2015
Project("{FAE04EC0-301F-11D3-BF4B-00C04F79EFBC}") = "_UVRP_Chapter 2.CSharp.Plugins", "_UVRP_Chapter 2.CSharp.Plugins.csproj", "{68078DE5-2E17-78BC-C075-DF6AF55F5CC5}"
EndProject
Project("{FAE04EC0-301F-11D3-BF4B-00C04F79EFBC}") = "_UVRP_Chapter 2.CSharp", "_UVRP_Chapter 2.CSharp.csproj", "{9955AE58-B62C-5711-3375-ECB71C011E0A}"
EndProject
Project("{FAE04EC0-301F-11D3-BF4B-00C04F79EFBC}") = "_UVRP_Chapter 2.CSharp.Editor", "_UVRP_Chapter 2.CSharp.Editor.csproj", "{F9E5470D-BB5F-30B4-D8DC-C11D92752A74}"
EndProject
Global
	GlobalSection(SolutionConfigurationPlatforms) = preSolution
		Debug|Any CPU = Debug|Any CPU
		Release|Any CPU = Release|Any CPU
	EndGlobalSection
	GlobalSection(ProjectConfigurationPlatforms) = postSolution
		{68078DE5-2E17-78BC-C075-DF6AF55F5CC5}.Debug|Any CPU.ActiveCfg = Debug|Any CPU
		{68078DE5-2E17-78BC-C075-DF6AF55F5CC5}.Debug|Any CPU.Build.0 = Debug|Any CPU
		{68078DE5-2E17-78BC-C075-DF6AF55F5CC5}.Release|Any CPU.ActiveCfg = Release|Any CPU
		{68078DE5-2E17-78BC-C075-DF6AF55F5CC5}.Release|Any CPU.Build.0 = Release|Any CPU
		{9955AE58-B62C-5711-3375-ECB71C011E0A}.Debug|Any CPU.ActiveCfg = Debug|Any CPU
		{9955AE58-B62C-5711-3375-ECB71C011E0A}.Debug|Any CPU.Build.0 = Debug|Any CPU
		{9955AE58-B62C-5711-3375-ECB71C011E0A}.Release|Any CPU.ActiveCfg = Release|Any CPU
		{9955AE58-B62C-5711-3375-ECB71C011E0A}.Release|Any CPU.Build.0 = Release|Any CPU
		{F9E5470D-BB5F-30B4-D8DC-C11D92752A74}.Debug|Any CPU.ActiveCfg = Debug|Any CPU
		{F9E5470D-BB5F-30B4-D8DC-C11D92752A74}.Debug|Any CPU.Build.0 = Debug|Any CPU
		{F9E5470D-BB5F-30B4-D8DC-C11D92752A74}.Release|Any CPU.ActiveCfg = Release|Any CPU
		{F9E5470D-BB5F-30B4-D8DC-C11D92752A74}.Release|Any CPU.Build.0 = Release|Any CPU
	EndGlobalSection
	GlobalSection(SolutionProperties) = preSolution
		HideSolutionNode = FALSE
	EndGlobalSection
EndGlobal
